
Microsoft Visual Studio Solution File, Format Version 12.00
# Visual Studio Version 17
VisualStudioVersion = 17.0.31903.59
MinimumVisualStudioVersion = 10.0.40219.1
Project("{FAE04EC0-301F-11D3-BF4B-00C04F79EFBC}") = "NQueensProblem", "NQueensProblem\NQueensProblem.csproj", "{22601272-7A21-4E6E-BC13-E10FB4E61B74}"
EndProject
Global
	GlobalSection(SolutionConfigurationPlatforms) = preSolution
		Debug|Any CPU = Debug|Any CPU
		Release|Any CPU = Release|Any CPU
	EndGlobalSection
	GlobalSection(ProjectConfigurationPlatforms) = postSolution
		{22601272-7A21-4E6E-BC13-E10FB4E61B74}.Debug|Any CPU.ActiveCfg = Debug|Any CPU
		{22601272-7A21-4E6E-BC13-E10FB4E61B74}.Debug|Any CPU.Build.0 = Debug|Any CPU
		{22601272-7A21-4E6E-BC13-E10FB4E61B74}.Release|Any CPU.ActiveCfg = Release|Any CPU
		{22601272-7A21-4E6E-BC13-E10FB4E61B74}.Release|Any CPU.Build.0 = Release|Any CPU
	EndGlobalSection
	GlobalSection(SolutionProperties) = preSolution
		HideSolutionNode = FALSE
	EndGlobalSection
	GlobalSection(ExtensibilityGlobals) = postSolution
		SolutionGuid = {451EF14C-DE87-4B5A-9775-8EF7645134D5}
	EndGlobalSection
EndGlobal
